
Microsoft Visual Studio Solution File, Format Version 12.00
# Visual Studio 2012
Project("{E24C65DC-7377-472B-9ABA-BC803B73C61A}") = "Net11 Proje", ".", "{41BB8E91-3FD5-41A6-9C08-69B26362FCCA}"
	ProjectSection(WebsiteProperties) = preProject
		TargetFrameworkMoniker = ".NETFramework,Version%3Dv4.5"
		Debug.AspNetCompiler.VirtualPath = "/Net11 Proje"
		Debug.AspNetCompiler.PhysicalPath = "..\Net11 Proje\"
		Debug.AspNetCompiler.TargetPath = "PrecompiledWeb\Net11 Proje\"
		Debug.AspNetCompiler.Updateable = "true"
		Debug.AspNetCompiler.ForceOverwrite = "true"
		Debug.AspNetCompiler.FixedNames = "false"
		Debug.AspNetCompiler.Debug = "True"
		Release.AspNetCompiler.VirtualPath = "/Net11 Proje"
		Release.AspNetCompiler.PhysicalPath = "..\Net11 Proje\"
		Release.AspNetCompiler.TargetPath = "PrecompiledWeb\Net11 Proje\"
		Release.AspNetCompiler.Updateable = "true"
		Release.AspNetCompiler.ForceOverwrite = "true"
		Release.AspNetCompiler.FixedNames = "false"
		Release.AspNetCompiler.Debug = "False"
		VWDPort = "59516"
	EndProjectSection
EndProject
Global
	GlobalSection(SolutionConfigurationPlatforms) = preSolution
		Debug|Any CPU = Debug|Any CPU
	EndGlobalSection
	GlobalSection(ProjectConfigurationPlatforms) = postSolution
		{41BB8E91-3FD5-41A6-9C08-69B26362FCCA}.Debug|Any CPU.ActiveCfg = Debug|Any CPU
		{41BB8E91-3FD5-41A6-9C08-69B26362FCCA}.Debug|Any CPU.Build.0 = Debug|Any CPU
	EndGlobalSection
	GlobalSection(SolutionProperties) = preSolution
		HideSolutionNode = FALSE
	EndGlobalSection
EndGlobal
